
Microsoft Visual Studio Solution File, Format Version 12.00
# Visual Studio Version 16
VisualStudioVersion = 16.0.30128.74
MinimumVisualStudioVersion = 10.0.40219.1
Project("{FAE04EC0-301F-11D3-BF4B-00C04F79EFBC}") = "IPLibrary", "IPLibrary\IPLibrary.csproj", "{6989BA8E-0A7A-4427-A910-5E44B88120DA}"
EndProject
Project("{2150E333-8FDC-42A3-9474-1A3956D46DE8}") = "Solution Items", "Solution Items", "{215D4D43-F338-4F74-8D66-F3FDD341227F}"
	ProjectSection(SolutionItems) = preProject
		IP归属地查询工具.zip = IP归属地查询工具.zip
		ReadMe.md = ReadMe.md
	EndProjectSection
EndProject
Global
	GlobalSection(SolutionConfigurationPlatforms) = preSolution
		Debug|Any CPU = Debug|Any CPU
		Release|Any CPU = Release|Any CPU
	EndGlobalSection
	GlobalSection(ProjectConfigurationPlatforms) = postSolution
		{6989BA8E-0A7A-4427-A910-5E44B88120DA}.Debug|Any CPU.ActiveCfg = Debug|Any CPU
		{6989BA8E-0A7A-4427-A910-5E44B88120DA}.Debug|Any CPU.Build.0 = Debug|Any CPU
		{6989BA8E-0A7A-4427-A910-5E44B88120DA}.Release|Any CPU.ActiveCfg = Release|Any CPU
		{6989BA8E-0A7A-4427-A910-5E44B88120DA}.Release|Any CPU.Build.0 = Release|Any CPU
	EndGlobalSection
	GlobalSection(SolutionProperties) = preSolution
		HideSolutionNode = FALSE
	EndGlobalSection
	GlobalSection(ExtensibilityGlobals) = postSolution
		SolutionGuid = {47BA5716-282D-4FAA-8B81-1C6DF0AC6DAE}
	EndGlobalSection
EndGlobal
